# THIS IS AN AUTOGENERATED FILE. DO NOT EDIT THIS FILE DIRECTLY.
# yarn lockfile v1


ecstatic@^3.0.0:
  version "3.0.0"
  resolved "https://registry.yarnpkg.com/ecstatic/-/ecstatic-3.0.0.tgz#660b8775464cd75eb07c0e72812fe30a80db1f60"
  dependencies:
    he "^1.1.1"
    mime "^1.4.0"
    minimist "^1.1.0"
    url-join "^2.0.2"

he@^1.1.1:
  version "1.1.1"
  resolved "https://registry.yarnpkg.com/he/-/he-1.1.1.tgz#93410fd21b009735151f8868c2f271f3427e23fd"

mime@^1.4.0:
  version "1.6.0"
  resolved "https://registry.yarnpkg.com/mime/-/mime-1.6.0.tgz#32cd9e5c64553bd58d19a568af452acff04981b1"

minimist@^1.1.0:
  version "1.2.0"
  resolved "https://registry.yarnpkg.com/minimist/-/minimist-1.2.0.tgz#a35008b20f41383eec1fb914f4cd5df79a264284"

url-join@^2.0.2:
  version "2.0.2"
  resolved "https://registry.yarnpkg.com/url-join/-/url-join-2.0.2.tgz#c072756967ad24b8b59e5741551caac78f50b8b7"
